<?xml version="1.0" encoding="utf-8"?>
<Project ToolsVersion="4.0" xmlns="http://schemas.microsoft.com/developer/msbuild/2003">
  <ItemGroup>
    <Filter Include="源文件">
      <UniqueIdentifier>{4FC737F1-C7A5-4376-A066-2A32D752A2FF}</UniqueIdentifier>
      <Extensions>cpp;c;cc;cxx;c++;cppm;ixx;def;odl;idl;hpj;bat;asm;asmx</Extensions>
    </Filter>
    <Filter Include="头文件">
      <UniqueIdentifier>{93995380-89BD-4b04-88EB-625FBE52EBFB}</UniqueIdentifier>
      <Extensions>h;hh;hpp;hxx;h++;hm;inl;inc;ipp;xsd</Extensions>
    </Filter>
    <Filter Include="资源文件">
      <UniqueIdentifier>{67DA6AB6-F800-4c08-8B7A-83BB121AAD01}</UniqueIdentifier>
      <Extensions>rc;ico;cur;bmp;dlg;rc2;rct;bin;rgs;gif;jpg;jpeg;jpe;resx;tiff;tif;png;wav;mfcribbon-ms</Extensions>
    </Filter>
  </ItemGroup>
  <ItemGroup>
    <ClCompile Include="mian.cpp">
      <Filter>源文件</Filter>
    </ClCompile>
    <ClCompile Include="messages\request\ImmutableFirstTypeRequest.cpp">
      <Filter>源文件</Filter>
    </ClCompile>
    <ClCompile Include="factory\MessageBuilderFactory.cpp">
      <Filter>源文件</Filter>
    </ClCompile>
    <ClCompile Include="Worker\NewRequestWorker.cpp">
      <Filter>源文件</Filter>
    </ClCompile>
    <ClCompile Include="Worker\NewNotifyWorker.cpp">
      <Filter>源文件</Filter>
    </ClCompile>
    <ClCompile Include="messages\response\ImmutableFirstTypeResponse.cpp">
      <Filter>源文件</Filter>
    </ClCompile>
    <ClCompile Include="messages\request\QuerySeriesRequest.cpp">
      <Filter>源文件</Filter>
    </ClCompile>
    <ClCompile Include="messages\FileMeta.cpp">
      <Filter>源文件</Filter>
    </ClCompile>
  </ItemGroup>
  <ItemGroup>
    <ClInclude Include="core\IMessage.h">
      <Filter>头文件</Filter>
    </ClInclude>
    <ClInclude Include="core\TemplateMessageBuilder.h">
      <Filter>头文件</Filter>
    </ClInclude>
    <ClInclude Include="factory\MessageBuilderFactory.h">
      <Filter>头文件</Filter>
    </ClInclude>
    <ClInclude Include="messages\request\ImmutableFirstTypeRequest.h">
      <Filter>头文件</Filter>
    </ClInclude>
    <ClInclude Include="messages\response\ImmutableFirstTypeResponse.h">
      <Filter>头文件</Filter>
    </ClInclude>
    <ClInclude Include="Worker\NewRequestWorker.h">
      <Filter>头文件</Filter>
    </ClInclude>
    <ClInclude Include="Worker\RequestIdCreator.h">
      <Filter>头文件</Filter>
    </ClInclude>
    <ClInclude Include="Worker\NewNotifyWorker.h">
      <Filter>头文件</Filter>
    </ClInclude>
    <ClInclude Include="Worker\ZmqAddresses.h">
      <Filter>头文件</Filter>
    </ClInclude>
    <ClInclude Include="core\IMessageBuilder.h">
      <Filter>头文件</Filter>
    </ClInclude>
    <ClInclude Include="messages\request\QuerySeriesRequest.h">
      <Filter>头文件</Filter>
    </ClInclude>
    <ClInclude Include="messages\FileMeta.h">
      <Filter>头文件</Filter>
    </ClInclude>
  </ItemGroup>
</Project>